
Microsoft Visual Studio Solution File, Format Version 12.00
# Visual Studio Version 17
VisualStudioVersion = 17.4.33122.133
MinimumVisualStudioVersion = 10.0.40219.1
Project("{9A19103F-16F7-4668-BE54-9A1E7A4F7556}") = "RestaurantSystem", "RestaurantSystem\RestaurantSystem.csproj", "{840495F2-E776-4CDE-8BFB-A881CE21186C}"
EndProject
Project("{FAE04EC0-301F-11D3-BF4B-00C04F79EFBC}") = "RestaurantSystemTests", "RestaurantSystemTests\RestaurantSystemTests.csproj", "{FBB7F200-6904-42E6-804A-28AB05AB6F28}"
EndProject
Global
	GlobalSection(SolutionConfigurationPlatforms) = preSolution
		Debug|Any CPU = Debug|Any CPU
		Release|Any CPU = Release|Any CPU
	EndGlobalSection
	GlobalSection(ProjectConfigurationPlatforms) = postSolution
		{840495F2-E776-4CDE-8BFB-A881CE21186C}.Debug|Any CPU.ActiveCfg = Debug|Any CPU
		{840495F2-E776-4CDE-8BFB-A881CE21186C}.Debug|Any CPU.Build.0 = Debug|Any CPU
		{840495F2-E776-4CDE-8BFB-A881CE21186C}.Release|Any CPU.ActiveCfg = Release|Any CPU
		{840495F2-E776-4CDE-8BFB-A881CE21186C}.Release|Any CPU.Build.0 = Release|Any CPU
		{FBB7F200-6904-42E6-804A-28AB05AB6F28}.Debug|Any CPU.ActiveCfg = Debug|Any CPU
		{FBB7F200-6904-42E6-804A-28AB05AB6F28}.Debug|Any CPU.Build.0 = Debug|Any CPU
		{FBB7F200-6904-42E6-804A-28AB05AB6F28}.Release|Any CPU.ActiveCfg = Release|Any CPU
		{FBB7F200-6904-42E6-804A-28AB05AB6F28}.Release|Any CPU.Build.0 = Release|Any CPU
	EndGlobalSection
	GlobalSection(SolutionProperties) = preSolution
		HideSolutionNode = FALSE
	EndGlobalSection
	GlobalSection(ExtensibilityGlobals) = postSolution
		SolutionGuid = {0CD6BFD6-BDBF-4827-8036-6CAFBFED283F}
	EndGlobalSection
EndGlobal
